
Microsoft Visual Studio Solution File, Format Version 12.00
# Visual Studio 15
VisualStudioVersion = 15.0.26730.12
MinimumVisualStudioVersion = 10.0.40219.1
Project("{FAE04EC0-301F-11D3-BF4B-00C04F79EFBC}") = "RealApp.Android", "RealApp\RealApp.Android\RealApp.Android.csproj", "{7C511C5B-E7D7-4C31-8A54-113EFB8397CF}"
EndProject
Project("{FAE04EC0-301F-11D3-BF4B-00C04F79EFBC}") = "RealApp", "RealApp\RealApp\RealApp.csproj", "{55827CD1-ADED-4746-90F5-9D719978BEB3}"
EndProject
Project("{FAE04EC0-301F-11D3-BF4B-00C04F79EFBC}") = "RealApp.UWP", "RealApp\RealApp.UWP\RealApp.UWP.csproj", "{5F30CDA3-D271-4D31-BD93-0517BE5FDA06}"
EndProject
Project("{FAE04EC0-301F-11D3-BF4B-00C04F79EFBC}") = "RealApp.iOS", "RealApp\RealApp.iOS\RealApp.iOS.csproj", "{4FBEDA2F-F129-4CBF-9925-6E1153BB016E}"
EndProject
Global
	GlobalSection(SolutionConfigurationPlatforms) = preSolution
		Ad-Hoc|Any CPU = Ad-Hoc|Any CPU
		Ad-Hoc|ARM = Ad-Hoc|ARM
		Ad-Hoc|iPhone = Ad-Hoc|iPhone
		Ad-Hoc|iPhoneSimulator = Ad-Hoc|iPhoneSimulator
		Ad-Hoc|x64 = Ad-Hoc|x64
		Ad-Hoc|x86 = Ad-Hoc|x86
		AppStore|Any CPU = AppStore|Any CPU
		AppStore|ARM = AppStore|ARM
		AppStore|iPhone = AppStore|iPhone
		AppStore|iPhoneSimulator = AppStore|iPhoneSimulator
		AppStore|x64 = AppStore|x64
		AppStore|x86 = AppStore|x86
		Debug|Any CPU = Debug|Any CPU
		Debug|ARM = Debug|ARM
		Debug|iPhone = Debug|iPhone
		Debug|iPhoneSimulator = Debug|iPhoneSimulator
		Debug|x64 = Debug|x64
		Debug|x86 = Debug|x86
		Release|Any CPU = Release|Any CPU
		Release|ARM = Release|ARM
		Release|iPhone = Release|iPhone
		Release|iPhoneSimulator = Release|iPhoneSimulator
		Release|x64 = Release|x64
		Release|x86 = Release|x86
	EndGlobalSection
	GlobalSection(ProjectConfigurationPlatforms) = postSolution
		{7C511C5B-E7D7-4C31-8A54-113EFB8397CF}.Ad-Hoc|Any CPU.ActiveCfg = Release|Any CPU
		{7C511C5B-E7D7-4C31-8A54-113EFB8397CF}.Ad-Hoc|Any CPU.Build.0 = Release|Any CPU
		{7C511C5B-E7D7-4C31-8A54-113EFB8397CF}.Ad-Hoc|Any CPU.Deploy.0 = Release|Any CPU
		{7C511C5B-E7D7-4C31-8A54-113EFB8397CF}.Ad-Hoc|ARM.ActiveCfg = Release|Any CPU
		{7C511C5B-E7D7-4C31-8A54-113EFB8397CF}.Ad-Hoc|ARM.Build.0 = Release|Any CPU
		{7C511C5B-E7D7-4C31-8A54-113EFB8397CF}.Ad-Hoc|ARM.Deploy.0 = Release|Any CPU
		{7C511C5B-E7D7-4C31-8A54-113EFB8397CF}.Ad-Hoc|iPhone.ActiveCfg = Release|Any CPU
		{7C511C5B-E7D7-4C31-8A54-113EFB8397CF}.Ad-Hoc|iPhone.Build.0 = Release|Any CPU
		{7C511C5B-E7D7-4C31-8A54-113EFB8397CF}.Ad-Hoc|iPhone.Deploy.0 = Release|Any CPU
		{7C511C5B-E7D7-4C31-8A54-113EFB8397CF}.Ad-Hoc|iPhoneSimulator.ActiveCfg = Release|Any CPU
		{7C511C5B-E7D7-4C31-8A54-113EFB8397CF}.Ad-Hoc|iPhoneSimulator.Build.0 = Release|Any CPU
		{7C511C5B-E7D7-4C31-8A54-113EFB8397CF}.Ad-Hoc|iPhoneSimulator.Deploy.0 = Release|Any CPU
		{7C511C5B-E7D7-4C31-8A54-113EFB8397CF}.Ad-Hoc|x64.ActiveCfg = Release|Any CPU
		{7C511C5B-E7D7-4C31-8A54-113EFB8397CF}.Ad-Hoc|x64.Build.0 = Release|Any CPU
		{7C511C5B-E7D7-4C31-8A54-113EFB8397CF}.Ad-Hoc|x64.Deploy.0 = Release|Any CPU
		{7C511C5B-E7D7-4C31-8A54-113EFB8397CF}.Ad-Hoc|x86.ActiveCfg = Release|Any CPU
		{7C511C5B-E7D7-4C31-8A54-113EFB8397CF}.Ad-Hoc|x86.Build.0 = Release|Any CPU
		{7C511C5B-E7D7-4C31-8A54-113EFB8397CF}.Ad-Hoc|x86.Deploy.0 = Release|Any CPU
		{7C511C5B-E7D7-4C31-8A54-113EFB8397CF}.AppStore|Any CPU.ActiveCfg = Release|Any CPU
		{7C511C5B-E7D7-4C31-8A54-113EFB8397CF}.AppStore|Any CPU.Build.0 = Release|Any CPU
		{7C511C5B-E7D7-4C31-8A54-113EFB8397CF}.AppStore|Any CPU.Deploy.0 = Release|Any CPU
		{7C511C5B-E7D7-4C31-8A54-113EFB8397CF}.AppStore|ARM.ActiveCfg = Release|Any CPU
		{7C511C5B-E7D7-4C31-8A54-113EFB8397CF}.AppStore|ARM.Build.0 = Release|Any CPU
		{7C511C5B-E7D7-4C31-8A54-113EFB8397CF}.AppStore|ARM.Deploy.0 = Release|Any CPU
		{7C511C5B-E7D7-4C31-8A54-113EFB8397CF}.AppStore|iPhone.ActiveCfg = Release|Any CPU
		{7C511C5B-E7D7-4C31-8A54-113EFB8397CF}.AppStore|iPhone.Build.0 = Release|Any CPU
		{7C511C5B-E7D7-4C31-8A54-113EFB8397CF}.AppStore|iPhone.Deploy.0 = Release|Any CPU
		{7C511C5B-E7D7-4C31-8A54-113EFB8397CF}.AppStore|iPhoneSimulator.ActiveCfg = Release|Any CPU
		{7C511C5B-E7D7-4C31-8A54-113EFB8397CF}.AppStore|iPhoneSimulator.Build.0 = Release|Any CPU
		{7C511C5B-E7D7-4C31-8A54-113EFB8397CF}.AppStore|iPhoneSimulator.Deploy.0 = Release|Any CPU
		{7C511C5B-E7D7-4C31-8A54-113EFB8397CF}.AppStore|x64.ActiveCfg = Release|Any CPU
		{7C511C5B-E7D7-4C31-8A54-113EFB8397CF}.AppStore|x64.Build.0 = Release|Any CPU
		{7C511C5B-E7D7-4C31-8A54-113EFB8397CF}.AppStore|x64.Deploy.0 = Release|Any CPU
		{7C511C5B-E7D7-4C31-8A54-113EFB8397CF}.AppStore|x86.ActiveCfg = Release|Any CPU
		{7C511C5B-E7D7-4C31-8A54-113EFB8397CF}.AppStore|x86.Build.0 = Release|Any CPU
		{7C511C5B-E7D7-4C31-8A54-113EFB8397CF}.AppStore|x86.Deploy.0 = Release|Any CPU
		{7C511C5B-E7D7-4C31-8A54-113EFB8397CF}.Debug|Any CPU.ActiveCfg = Debug|Any CPU
		{7C511C5B-E7D7-4C31-8A54-113EFB8397CF}.Debug|Any CPU.Build.0 = Debug|Any CPU
		{7C511C5B-E7D7-4C31-8A54-113EFB8397CF}.Debug|Any CPU.Deploy.0 = Debug|Any CPU
		{7C511C5B-E7D7-4C31-8A54-113EFB8397CF}.Debug|ARM.ActiveCfg = Debug|Any CPU
		{7C511C5B-E7D7-4C31-8A54-113EFB8397CF}.Debug|ARM.Build.0 = Debug|Any CPU
		{7C511C5B-E7D7-4C31-8A54-113EFB8397CF}.Debug|ARM.Deploy.0 = Debug|Any CPU
		{7C511C5B-E7D7-4C31-8A54-113EFB8397CF}.Debug|iPhone.ActiveCfg = Debug|Any CPU
		{7C511C5B-E7D7-4C31-8A54-113EFB8397CF}.Debug|iPhone.Build.0 = Debug|Any CPU
		{7C511C5B-E7D7-4C31-8A54-113EFB8397CF}.Debug|iPhone.Deploy.0 = Debug|Any CPU
		{7C511C5B-E7D7-4C31-8A54-113EFB8397CF}.Debug|iPhoneSimulator.ActiveCfg = Debug|Any CPU
		{7C511C5B-E7D7-4C31-8A54-113EFB8397CF}.Debug|iPhoneSimulator.Build.0 = Debug|Any CPU
		{7C511C5B-E7D7-4C31-8A54-113EFB8397CF}.Debug|iPhoneSimulator.Deploy.0 = Debug|Any CPU
		{7C511C5B-E7D7-4C31-8A54-113EFB8397CF}.Debug|x64.ActiveCfg = Debug|Any CPU
		{7C511C5B-E7D7-4C31-8A54-113EFB8397CF}.Debug|x64.Build.0 = Debug|Any CPU
		{7C511C5B-E7D7-4C31-8A54-113EFB8397CF}.Debug|x64.Deploy.0 = Debug|Any CPU
		{7C511C5B-E7D7-4C31-8A54-113EFB8397CF}.Debug|x86.ActiveCfg = Debug|Any CPU
		{7C511C5B-E7D7-4C31-8A54-113EFB8397CF}.Debug|x86.Build.0 = Debug|Any CPU
		{7C511C5B-E7D7-4C31-8A54-113EFB8397CF}.Debug|x86.Deploy.0 = Debug|Any CPU
		{7C511C5B-E7D7-4C31-8A54-113EFB8397CF}.Release|Any CPU.ActiveCfg = Release|Any CPU
		{7C511C5B-E7D7-4C31-8A54-113EFB8397CF}.Release|Any CPU.Build.0 = Release|Any CPU
		{7C511C5B-E7D7-4C31-8A54-113EFB8397CF}.Release|Any CPU.Deploy.0 = Release|Any CPU
		{7C511C5B-E7D7-4C31-8A54-113EFB8397CF}.Release|ARM.ActiveCfg = Release|Any CPU
		{7C511C5B-E7D7-4C31-8A54-113EFB8397CF}.Release|ARM.Build.0 = Release|Any CPU
		{7C511C5B-E7D7-4C31-8A54-113EFB8397CF}.Release|ARM.Deploy.0 = Release|Any CPU
		{7C511C5B-E7D7-4C31-8A54-113EFB8397CF}.Release|iPhone.ActiveCfg = Release|Any CPU
		{7C511C5B-E7D7-4C31-8A54-113EFB8397CF}.Release|iPhone.Build.0 = Release|Any CPU
		{7C511C5B-E7D7-4C31-8A54-113EFB8397CF}.Release|iPhone.Deploy.0 = Release|Any CPU
		{7C511C5B-E7D7-4C31-8A54-113EFB8397CF}.Release|iPhoneSimulator.ActiveCfg = Release|Any CPU
		{7C511C5B-E7D7-4C31-8A54-113EFB8397CF}.Release|iPhoneSimulator.Build.0 = Release|Any CPU
		{7C511C5B-E7D7-4C31-8A54-113EFB8397CF}.Release|iPhoneSimulator.Deploy.0 = Release|Any CPU
		{7C511C5B-E7D7-4C31-8A54-113EFB8397CF}.Release|x64.ActiveCfg = Release|Any CPU
		{7C511C5B-E7D7-4C31-8A54-113EFB8397CF}.Release|x64.Build.0 = Release|Any CPU
		{7C511C5B-E7D7-4C31-8A54-113EFB8397CF}.Release|x64.Deploy.0 = Release|Any CPU
		{7C511C5B-E7D7-4C31-8A54-113EFB8397CF}.Release|x86.ActiveCfg = Release|Any CPU
		{7C511C5B-E7D7-4C31-8A54-113EFB8397CF}.Release|x86.Build.0 = Release|Any CPU
		{7C511C5B-E7D7-4C31-8A54-113EFB8397CF}.Release|x86.Deploy.0 = Release|Any CPU
		{55827CD1-ADED-4746-90F5-9D719978BEB3}.Ad-Hoc|Any CPU.ActiveCfg = Release|Any CPU
		{55827CD1-ADED-4746-90F5-9D719978BEB3}.Ad-Hoc|Any CPU.Build.0 = Release|Any CPU
		{55827CD1-ADED-4746-90F5-9D719978BEB3}.Ad-Hoc|ARM.ActiveCfg = Release|Any CPU
		{55827CD1-ADED-4746-90F5-9D719978BEB3}.Ad-Hoc|ARM.Build.0 = Release|Any CPU
		{55827CD1-ADED-4746-90F5-9D719978BEB3}.Ad-Hoc|iPhone.ActiveCfg = Release|Any CPU
		{55827CD1-ADED-4746-90F5-9D719978BEB3}.Ad-Hoc|iPhone.Build.0 = Release|Any CPU
		{55827CD1-ADED-4746-90F5-9D719978BEB3}.Ad-Hoc|iPhoneSimulator.ActiveCfg = Release|Any CPU
		{55827CD1-ADED-4746-90F5-9D719978BEB3}.Ad-Hoc|iPhoneSimulator.Build.0 = Release|Any CPU
		{55827CD1-ADED-4746-90F5-9D719978BEB3}.Ad-Hoc|x64.ActiveCfg = Release|Any CPU
		{55827CD1-ADED-4746-90F5-9D719978BEB3}.Ad-Hoc|x64.Build.0 = Release|Any CPU
		{55827CD1-ADED-4746-90F5-9D719978BEB3}.Ad-Hoc|x86.ActiveCfg = Release|Any CPU
		{55827CD1-ADED-4746-90F5-9D719978BEB3}.Ad-Hoc|x86.Build.0 = Release|Any CPU
		{55827CD1-ADED-4746-90F5-9D719978BEB3}.AppStore|Any CPU.ActiveCfg = Release|Any CPU
		{55827CD1-ADED-4746-90F5-9D719978BEB3}.AppStore|Any CPU.Build.0 = Release|Any CPU
		{55827CD1-ADED-4746-90F5-9D719978BEB3}.AppStore|ARM.ActiveCfg = Release|Any CPU
		{55827CD1-ADED-4746-90F5-9D719978BEB3}.AppStore|ARM.Build.0 = Release|Any CPU
		{55827CD1-ADED-4746-90F5-9D719978BEB3}.AppStore|iPhone.ActiveCfg = Release|Any CPU
		{55827CD1-ADED-4746-90F5-9D719978BEB3}.AppStore|iPhone.Build.0 = Release|Any CPU
		{55827CD1-ADED-4746-90F5-9D719978BEB3}.AppStore|iPhoneSimulator.ActiveCfg = Release|Any CPU
		{55827CD1-ADED-4746-90F5-9D719978BEB3}.AppStore|iPhoneSimulator.Build.0 = Release|Any CPU
		{55827CD1-ADED-4746-90F5-9D719978BEB3}.AppStore|x64.ActiveCfg = Release|Any CPU
		{55827CD1-ADED-4746-90F5-9D719978BEB3}.AppStore|x64.Build.0 = Release|Any CPU
		{55827CD1-ADED-4746-90F5-9D719978BEB3}.AppStore|x86.ActiveCfg = Release|Any CPU
		{55827CD1-ADED-4746-90F5-9D719978BEB3}.AppStore|x86.Build.0 = Release|Any CPU
		{55827CD1-ADED-4746-90F5-9D719978BEB3}.Debug|Any CPU.ActiveCfg = Debug|Any CPU
		{55827CD1-ADED-4746-90F5-9D719978BEB3}.Debug|Any CPU.Build.0 = Debug|Any CPU
		{55827CD1-ADED-4746-90F5-9D719978BEB3}.Debug|ARM.ActiveCfg = Debug|Any CPU
		{55827CD1-ADED-4746-90F5-9D719978BEB3}.Debug|ARM.Build.0 = Debug|Any CPU
		{55827CD1-ADED-4746-90F5-9D719978BEB3}.Debug|iPhone.ActiveCfg = Debug|Any CPU
		{55827CD1-ADED-4746-90F5-9D719978BEB3}.Debug|iPhone.Build.0 = Debug|Any CPU
		{55827CD1-ADED-4746-90F5-9D719978BEB3}.Debug|iPhoneSimulator.ActiveCfg = Debug|Any CPU
		{55827CD1-ADED-4746-90F5-9D719978BEB3}.Debug|iPhoneSimulator.Build.0 = Debug|Any CPU
		{55827CD1-ADED-4746-90F5-9D719978BEB3}.Debug|x64.ActiveCfg = Debug|Any CPU
		{55827CD1-ADED-4746-90F5-9D719978BEB3}.Debug|x64.Build.0 = Debug|Any CPU
		{55827CD1-ADED-4746-90F5-9D719978BEB3}.Debug|x86.ActiveCfg = Debug|Any CPU
		{55827CD1-ADED-4746-90F5-9D719978BEB3}.Debug|x86.Build.0 = Debug|Any CPU
		{55827CD1-ADED-4746-90F5-9D719978BEB3}.Release|Any CPU.ActiveCfg = Release|Any CPU
		{55827CD1-ADED-4746-90F5-9D719978BEB3}.Release|Any CPU.Build.0 = Release|Any CPU
		{55827CD1-ADED-4746-90F5-9D719978BEB3}.Release|ARM.ActiveCfg = Release|Any CPU
		{55827CD1-ADED-4746-90F5-9D719978BEB3}.Release|ARM.Build.0 = Release|Any CPU
		{55827CD1-ADED-4746-90F5-9D719978BEB3}.Release|iPhone.ActiveCfg = Release|Any CPU
		{55827CD1-ADED-4746-90F5-9D719978BEB3}.Release|iPhone.Build.0 = Release|Any CPU
		{55827CD1-ADED-4746-90F5-9D719978BEB3}.Release|iPhoneSimulator.ActiveCfg = Release|Any CPU
		{55827CD1-ADED-4746-90F5-9D719978BEB3}.Release|iPhoneSimulator.Build.0 = Release|Any CPU
		{55827CD1-ADED-4746-90F5-9D719978BEB3}.Release|x64.ActiveCfg = Release|Any CPU
		{55827CD1-ADED-4746-90F5-9D719978BEB3}.Release|x64.Build.0 = Release|Any CPU
		{55827CD1-ADED-4746-90F5-9D719978BEB3}.Release|x86.ActiveCfg = Release|Any CPU
		{55827CD1-ADED-4746-90F5-9D719978BEB3}.Release|x86.Build.0 = Release|Any CPU
		{5F30CDA3-D271-4D31-BD93-0517BE5FDA06}.Ad-Hoc|Any CPU.ActiveCfg = Release|x86
		{5F30CDA3-D271-4D31-BD93-0517BE5FDA06}.Ad-Hoc|Any CPU.Build.0 = Release|x86
		{5F30CDA3-D271-4D31-BD93-0517BE5FDA06}.Ad-Hoc|Any CPU.Deploy.0 = Release|x86
		{5F30CDA3-D271-4D31-BD93-0517BE5FDA06}.Ad-Hoc|ARM.ActiveCfg = Release|ARM
		{5F30CDA3-D271-4D31-BD93-0517BE5FDA06}.Ad-Hoc|ARM.Build.0 = Release|ARM
		{5F30CDA3-D271-4D31-BD93-0517BE5FDA06}.Ad-Hoc|ARM.Deploy.0 = Release|ARM
		{5F30CDA3-D271-4D31-BD93-0517BE5FDA06}.Ad-Hoc|iPhone.ActiveCfg = Release|x86
		{5F30CDA3-D271-4D31-BD93-0517BE5FDA06}.Ad-Hoc|iPhone.Build.0 = Release|x86
		{5F30CDA3-D271-4D31-BD93-0517BE5FDA06}.Ad-Hoc|iPhone.Deploy.0 = Release|x86
		{5F30CDA3-D271-4D31-BD93-0517BE5FDA06}.Ad-Hoc|iPhoneSimulator.ActiveCfg = Release|x86
		{5F30CDA3-D271-4D31-BD93-0517BE5FDA06}.Ad-Hoc|iPhoneSimulator.Build.0 = Release|x86
		{5F30CDA3-D271-4D31-BD93-0517BE5FDA06}.Ad-Hoc|iPhoneSimulator.Deploy.0 = Release|x86
		{5F30CDA3-D271-4D31-BD93-0517BE5FDA06}.Ad-Hoc|x64.ActiveCfg = Release|x64
		{5F30CDA3-D271-4D31-BD93-0517BE5FDA06}.Ad-Hoc|x64.Build.0 = Release|x64
		{5F30CDA3-D271-4D31-BD93-0517BE5FDA06}.Ad-Hoc|x64.Deploy.0 = Release|x64
		{5F30CDA3-D271-4D31-BD93-0517BE5FDA06}.Ad-Hoc|x86.ActiveCfg = Release|x86
		{5F30CDA3-D271-4D31-BD93-0517BE5FDA06}.Ad-Hoc|x86.Build.0 = Release|x86
		{5F30CDA3-D271-4D31-BD93-0517BE5FDA06}.Ad-Hoc|x86.Deploy.0 = Release|x86
		{5F30CDA3-D271-4D31-BD93-0517BE5FDA06}.AppStore|Any CPU.ActiveCfg = Release|x86
		{5F30CDA3-D271-4D31-BD93-0517BE5FDA06}.AppStore|Any CPU.Build.0 = Release|x86
		{5F30CDA3-D271-4D31-BD93-0517BE5FDA06}.AppStore|Any CPU.Deploy.0 = Release|x86
		{5F30CDA3-D271-4D31-BD93-0517BE5FDA06}.AppStore|ARM.ActiveCfg = Release|ARM
		{5F30CDA3-D271-4D31-BD93-0517BE5FDA06}.AppStore|ARM.Build.0 = Release|ARM
		{5F30CDA3-D271-4D31-BD93-0517BE5FDA06}.AppStore|ARM.Deploy.0 = Release|ARM
		{5F30CDA3-D271-4D31-BD93-0517BE5FDA06}.AppStore|iPhone.ActiveCfg = Release|x86
		{5F30CDA3-D271-4D31-BD93-0517BE5FDA06}.AppStore|iPhone.Build.0 = Release|x86
		{5F30CDA3-D271-4D31-BD93-0517BE5FDA06}.AppStore|iPhone.Deploy.0 = Release|x86
		{5F30CDA3-D271-4D31-BD93-0517BE5FDA06}.AppStore|iPhoneSimulator.ActiveCfg = Release|x86
		{5F30CDA3-D271-4D31-BD93-0517BE5FDA06}.AppStore|iPhoneSimulator.Build.0 = Release|x86
		{5F30CDA3-D271-4D31-BD93-0517BE5FDA06}.AppStore|iPhoneSimulator.Deploy.0 = Release|x86
		{5F30CDA3-D271-4D31-BD93-0517BE5FDA06}.AppStore|x64.ActiveCfg = Release|x64
		{5F30CDA3-D271-4D31-BD93-0517BE5FDA06}.AppStore|x64.Build.0 = Release|x64
		{5F30CDA3-D271-4D31-BD93-0517BE5FDA06}.AppStore|x64.Deploy.0 = Release|x64
		{5F30CDA3-D271-4D31-BD93-0517BE5FDA06}.AppStore|x86.ActiveCfg = Release|x86
		{5F30CDA3-D271-4D31-BD93-0517BE5FDA06}.AppStore|x86.Build.0 = Release|x86
		{5F30CDA3-D271-4D31-BD93-0517BE5FDA06}.AppStore|x86.Deploy.0 = Release|x86
		{5F30CDA3-D271-4D31-BD93-0517BE5FDA06}.Debug|Any CPU.ActiveCfg = Debug|x86
		{5F30CDA3-D271-4D31-BD93-0517BE5FDA06}.Debug|ARM.ActiveCfg = Debug|ARM
		{5F30CDA3-D271-4D31-BD93-0517BE5FDA06}.Debug|ARM.Build.0 = Debug|ARM
		{5F30CDA3-D271-4D31-BD93-0517BE5FDA06}.Debug|ARM.Deploy.0 = Debug|ARM
		{5F30CDA3-D271-4D31-BD93-0517BE5FDA06}.Debug|iPhone.ActiveCfg = Debug|x86
		{5F30CDA3-D271-4D31-BD93-0517BE5FDA06}.Debug|iPhoneSimulator.ActiveCfg = Debug|x86
		{5F30CDA3-D271-4D31-BD93-0517BE5FDA06}.Debug|x64.ActiveCfg = Debug|x64
		{5F30CDA3-D271-4D31-BD93-0517BE5FDA06}.Debug|x64.Build.0 = Debug|x64
		{5F30CDA3-D271-4D31-BD93-0517BE5FDA06}.Debug|x64.Deploy.0 = Debug|x64
		{5F30CDA3-D271-4D31-BD93-0517BE5FDA06}.Debug|x86.ActiveCfg = Debug|x86
		{5F30CDA3-D271-4D31-BD93-0517BE5FDA06}.Debug|x86.Build.0 = Debug|x86
		{5F30CDA3-D271-4D31-BD93-0517BE5FDA06}.Debug|x86.Deploy.0 = Debug|x86
		{5F30CDA3-D271-4D31-BD93-0517BE5FDA06}.Release|Any CPU.ActiveCfg = Release|x86
		{5F30CDA3-D271-4D31-BD93-0517BE5FDA06}.Release|ARM.ActiveCfg = Release|ARM
		{5F30CDA3-D271-4D31-BD93-0517BE5FDA06}.Release|ARM.Build.0 = Release|ARM
		{5F30CDA3-D271-4D31-BD93-0517BE5FDA06}.Release|ARM.Deploy.0 = Release|ARM
		{5F30CDA3-D271-4D31-BD93-0517BE5FDA06}.Release|iPhone.ActiveCfg = Release|x86
		{5F30CDA3-D271-4D31-BD93-0517BE5FDA06}.Release|iPhoneSimulator.ActiveCfg = Release|x86
		{5F30CDA3-D271-4D31-BD93-0517BE5FDA06}.Release|x64.ActiveCfg = Release|x64
		{5F30CDA3-D271-4D31-BD93-0517BE5FDA06}.Release|x64.Build.0 = Release|x64
		{5F30CDA3-D271-4D31-BD93-0517BE5FDA06}.Release|x64.Deploy.0 = Release|x64
		{5F30CDA3-D271-4D31-BD93-0517BE5FDA06}.Release|x86.ActiveCfg = Release|x86
		{5F30CDA3-D271-4D31-BD93-0517BE5FDA06}.Release|x86.Build.0 = Release|x86
		{5F30CDA3-D271-4D31-BD93-0517BE5FDA06}.Release|x86.Deploy.0 = Release|x86
		{4FBEDA2F-F129-4CBF-9925-6E1153BB016E}.Ad-Hoc|Any CPU.ActiveCfg = Ad-Hoc|iPhone
		{4FBEDA2F-F129-4CBF-9925-6E1153BB016E}.Ad-Hoc|ARM.ActiveCfg = Ad-Hoc|iPhone
		{4FBEDA2F-F129-4CBF-9925-6E1153BB016E}.Ad-Hoc|iPhone.ActiveCfg = Ad-Hoc|iPhone
		{4FBEDA2F-F129-4CBF-9925-6E1153BB016E}.Ad-Hoc|iPhone.Build.0 = Ad-Hoc|iPhone
		{4FBEDA2F-F129-4CBF-9925-6E1153BB016E}.Ad-Hoc|iPhoneSimulator.ActiveCfg = Ad-Hoc|iPhoneSimulator
		{4FBEDA2F-F129-4CBF-9925-6E1153BB016E}.Ad-Hoc|iPhoneSimulator.Build.0 = Ad-Hoc|iPhoneSimulator
		{4FBEDA2F-F129-4CBF-9925-6E1153BB016E}.Ad-Hoc|x64.ActiveCfg = Ad-Hoc|iPhone
		{4FBEDA2F-F129-4CBF-9925-6E1153BB016E}.Ad-Hoc|x86.ActiveCfg = Ad-Hoc|iPhone
		{4FBEDA2F-F129-4CBF-9925-6E1153BB016E}.AppStore|Any CPU.ActiveCfg = AppStore|iPhone
		{4FBEDA2F-F129-4CBF-9925-6E1153BB016E}.AppStore|ARM.ActiveCfg = AppStore|iPhone
		{4FBEDA2F-F129-4CBF-9925-6E1153BB016E}.AppStore|iPhone.ActiveCfg = AppStore|iPhone
		{4FBEDA2F-F129-4CBF-9925-6E1153BB016E}.AppStore|iPhone.Build.0 = AppStore|iPhone
		{4FBEDA2F-F129-4CBF-9925-6E1153BB016E}.AppStore|iPhoneSimulator.ActiveCfg = AppStore|iPhoneSimulator
		{4FBEDA2F-F129-4CBF-9925-6E1153BB016E}.AppStore|iPhoneSimulator.Build.0 = AppStore|iPhoneSimulator
		{4FBEDA2F-F129-4CBF-9925-6E1153BB016E}.AppStore|x64.ActiveCfg = AppStore|iPhone
		{4FBEDA2F-F129-4CBF-9925-6E1153BB016E}.AppStore|x86.ActiveCfg = AppStore|iPhone
		{4FBEDA2F-F129-4CBF-9925-6E1153BB016E}.Debug|Any CPU.ActiveCfg = Debug|iPhone
		{4FBEDA2F-F129-4CBF-9925-6E1153BB016E}.Debug|ARM.ActiveCfg = Debug|iPhone
		{4FBEDA2F-F129-4CBF-9925-6E1153BB016E}.Debug|iPhone.ActiveCfg = Debug|iPhone
		{4FBEDA2F-F129-4CBF-9925-6E1153BB016E}.Debug|iPhone.Build.0 = Debug|iPhone
		{4FBEDA2F-F129-4CBF-9925-6E1153BB016E}.Debug|iPhoneSimulator.ActiveCfg = Debug|iPhoneSimulator
		{4FBEDA2F-F129-4CBF-9925-6E1153BB016E}.Debug|iPhoneSimulator.Build.0 = Debug|iPhoneSimulator
		{4FBEDA2F-F129-4CBF-9925-6E1153BB016E}.Debug|x64.ActiveCfg = Debug|iPhone
		{4FBEDA2F-F129-4CBF-9925-6E1153BB016E}.Debug|x86.ActiveCfg = Debug|iPhone
		{4FBEDA2F-F129-4CBF-9925-6E1153BB016E}.Release|Any CPU.ActiveCfg = Release|iPhone
		{4FBEDA2F-F129-4CBF-9925-6E1153BB016E}.Release|ARM.ActiveCfg = Release|iPhone
		{4FBEDA2F-F129-4CBF-9925-6E1153BB016E}.Release|iPhone.ActiveCfg = Release|iPhone
		{4FBEDA2F-F129-4CBF-9925-6E1153BB016E}.Release|iPhone.Build.0 = Release|iPhone
		{4FBEDA2F-F129-4CBF-9925-6E1153BB016E}.Release|iPhoneSimulator.ActiveCfg = Release|iPhoneSimulator
		{4FBEDA2F-F129-4CBF-9925-6E1153BB016E}.Release|iPhoneSimulator.Build.0 = Release|iPhoneSimulator
		{4FBEDA2F-F129-4CBF-9925-6E1153BB016E}.Release|x64.ActiveCfg = Release|iPhone
		{4FBEDA2F-F129-4CBF-9925-6E1153BB016E}.Release|x86.ActiveCfg = Release|iPhone
	EndGlobalSection
	GlobalSection(SolutionProperties) = preSolution
		HideSolutionNode = FALSE
	EndGlobalSection
	GlobalSection(ExtensibilityGlobals) = postSolution
		SolutionGuid = {569610A0-9141-491B-8FFC-54DEDBD674B8}
	EndGlobalSection
EndGlobal
